{
    "_readme": [
        "This file locks the dependencies of your project to a known state",
        "Read more about it at https://getcomposer.org/doc/01-basic-usage.md#installing-dependencies",
        "This file is @generated automatically"
    ],
    "content-hash": "92a17a59c1957836d674a3d97029986b",
    "packages": [
        {
            "name": "ddeboer/imap",
            "version": "dev-master",
            "source": {
                "type": "git",
                "url": "https://github.com/ddeboer/imap.git",
                "reference": "a07527c3ff54f06860564d9c51250964c2aa6892"
            },
            "dist": {
                "type": "zip",
                "url": "https://api.github.com/repos/ddeboer/imap/zipball/a07527c3ff54f06860564d9c51250964c2aa6892",
                "reference": "a07527c3ff54f06860564d9c51250964c2aa6892",
                "shasum": ""
            },
            "require": {
                "ext-iconv": "*",
                "ext-imap": "*",
                "ext-mbstring": "*",
                "php": "^7.1"
            },
            "require-dev": {
                "friendsofphp/php-cs-fixer": "^2.14",
                "phpstan/phpstan": "^0.11",
                "phpstan/phpstan-phpunit": "^0.11",
                "phpstan/phpstan-strict-rules": "^0.11.0",
                "phpunit/phpunit": "^7.5",
                "zendframework/zend-mail": "^2.10"
            },
            "type": "library",
            "autoload": {
                "psr-4": {
                    "Ddeboer\\Imap\\": "src/"
                }
            },
            "notification-url": "https://packagist.org/downloads/",
            "license": [
                "MIT"
            ],
            "authors": [
                {
                    "name": "David de Boer",
                    "email": "david@ddeboer.nl"
                },
                {
                    "name": "Filippo Tessarotto",
                    "email": "zoeslam@gmail.com"
                },
                {
                    "name": "Community contributors",
                    "homepage": "https://github.com/ddeboer/imap/graphs/contributors"
                }
            ],
            "description": "Object-oriented IMAP for PHP",
            "keywords": [
                "email",
                "imap",
                "mail"
            ],
            "time": "2019-11-25T09:13:08+00:00"
        },
        {
            "name": "doctrine/inflector",
            "version": "1.3.x-dev",
            "source": {
                "type": "git",
                "url": "https://github.com/doctrine/inflector.git",
                "reference": "ec3a55242203ffa6a4b27c58176da97ff0a7aec1"
            },
            "dist": {
                "type": "zip",
                "url": "https://api.github.com/repos/doctrine/inflector/zipball/ec3a55242203ffa6a4b27c58176da97ff0a7aec1",
                "reference": "ec3a55242203ffa6a4b27c58176da97ff0a7aec1",
                "shasum": ""
            },
            "require": {
                "php": "^7.1"
            },
            "require-dev": {
                "phpunit/phpunit": "^6.2"
            },
            "type": "library",
            "extra": {
                "branch-alias": {
                    "dev-master": "1.3.x-dev"
                }
            },
            "autoload": {
                "psr-4": {
                    "Doctrine\\Common\\Inflector\\": "lib/Doctrine/Common/Inflector"
                }
            },
            "notification-url": "https://packagist.org/downloads/",
            "license": [
                "MIT"
            ],
            "authors": [
                {
                    "name": "Guilherme Blanco",
                    "email": "guilhermeblanco@gmail.com"
                },
                {
                    "name": "Roman Borschel",
                    "email": "roman@code-factory.org"
                },
                {
                    "name": "Benjamin Eberlei",
                    "email": "kontakt@beberlei.de"
                },
                {
                    "name": "Jonathan Wage",
                    "email": "jonwage@gmail.com"
                },
                {
                    "name": "Johannes Schmitt",
                    "email": "schmittjoh@gmail.com"
                }
            ],
            "description": "Common String Manipulations with regard to casing and singular/plural rules.",
            "homepage": "http://www.doctrine-project.org",
            "keywords": [
                "inflection",
                "pluralize",
                "singularize",
                "string"
            ],
            "time": "2019-10-30T19:59:35+00:00"
        },
        {
            "name": "illuminate/contracts",
            "version": "dev-master",
            "source": {
                "type": "git",
                "url": "https://github.com/illuminate/contracts.git",
                "reference": "6b0122dc740d6db5ab8b1187af313c6e65afeb55"
            },
            "dist": {
                "type": "zip",
                "url": "https://api.github.com/repos/illuminate/contracts/zipball/6b0122dc740d6db5ab8b1187af313c6e65afeb55",
                "reference": "6b0122dc740d6db5ab8b1187af313c6e65afeb55",
                "shasum": ""
            },
            "require": {
                "php": "^7.2.5",
                "psr/container": "^1.0",
                "psr/simple-cache": "^1.0"
            },
            "type": "library",
            "extra": {
                "branch-alias": {
                    "dev-master": "7.0-dev"
                }
            },
            "autoload": {
                "psr-4": {
                    "Illuminate\\Contracts\\": ""
                }
            },
            "notification-url": "https://packagist.org/downloads/",
            "license": [
                "MIT"
            ],
            "authors": [
                {
                    "name": "Taylor Otwell",
                    "email": "taylor@laravel.com"
                }
            ],
            "description": "The Illuminate Contracts package.",
            "homepage": "https://laravel.com",
            "time": "2019-12-06T15:52:19+00:00"
        },
        {
            "name": "illuminate/pagination",
            "version": "dev-master",
            "source": {
                "type": "git",
                "url": "https://github.com/illuminate/pagination.git",
                "reference": "14f27bc221af746b2b2a8acf676812251d7a0ab7"
            },
            "dist": {
                "type": "zip",
                "url": "https://api.github.com/repos/illuminate/pagination/zipball/14f27bc221af746b2b2a8acf676812251d7a0ab7",
                "reference": "14f27bc221af746b2b2a8acf676812251d7a0ab7",
                "shasum": ""
            },
            "require": {
                "ext-json": "*",
                "illuminate/contracts": "^7.0",
                "illuminate/support": "^7.0",
                "php": "^7.2.5"
            },
            "type": "library",
            "extra": {
                "branch-alias": {
                    "dev-master": "7.0-dev"
                }
            },
            "autoload": {
                "psr-4": {
                    "Illuminate\\Pagination\\": ""
                }
            },
            "notification-url": "https://packagist.org/downloads/",
            "license": [
                "MIT"
            ],
            "authors": [
                {
                    "name": "Taylor Otwell",
                    "email": "taylor@laravel.com"
                }
            ],
            "description": "The Illuminate Pagination package.",
            "homepage": "https://laravel.com",
            "time": "2019-12-05T12:37:16+00:00"
        },
        {
            "name": "illuminate/support",
            "version": "dev-master",
            "source": {
                "type": "git",
                "url": "https://github.com/illuminate/support.git",
                "reference": "7d8cf45deb16848e26286e2ca650d5581da6f349"
            },
            "dist": {
                "type": "zip",
                "url": "https://api.github.com/repos/illuminate/support/zipball/7d8cf45deb16848e26286e2ca650d5581da6f349",
                "reference": "7d8cf45deb16848e26286e2ca650d5581da6f349",
                "shasum": ""
            },
            "require": {
                "doctrine/inflector": "^1.1",
                "ext-json": "*",
                "ext-mbstring": "*",
                "illuminate/contracts": "^7.0",
                "nesbot/carbon": "^2.17",
                "php": "^7.2.5",
                "voku/portable-ascii": "^1.2.3"
            },
            "conflict": {
                "tightenco/collect": "<5.5.33"
            },
            "suggest": {
                "illuminate/filesystem": "Required to use the composer class (^7.0).",
                "moontoast/math": "Required to use ordered UUIDs (^1.1).",
                "ramsey/uuid": "Required to use Str::uuid() (^3.7).",
                "symfony/process": "Required to use the composer class (^5.0).",
                "symfony/var-dumper": "Required to use the dd function (^5.0).",
                "vlucas/phpdotenv": "Required to use the Env class and env helper (^4.0)."
            },
            "type": "library",
            "extra": {
                "branch-alias": {
                    "dev-master": "7.0-dev"
                }
            },
            "autoload": {
                "psr-4": {
                    "Illuminate\\Support\\": ""
                },
                "files": [
                    "helpers.php"
                ]
            },
            "notification-url": "https://packagist.org/downloads/",
            "license": [
                "MIT"
            ],
            "authors": [
                {
                    "name": "Taylor Otwell",
                    "email": "taylor@laravel.com"
                }
            ],
            "description": "The Illuminate Support package.",
            "homepage": "https://laravel.com",
            "time": "2019-12-09T14:20:00+00:00"
        },
        {
            "name": "nesbot/carbon",
            "version": "dev-master",
            "source": {
                "type": "git",
                "url": "https://github.com/briannesbitt/Carbon.git",
                "reference": "298d9f0e8e369301b0ca647f3ce9c92b53ad3a82"
            },
            "dist": {
                "type": "zip",
                "url": "https://api.github.com/repos/briannesbitt/Carbon/zipball/298d9f0e8e369301b0ca647f3ce9c92b53ad3a82",
                "reference": "298d9f0e8e369301b0ca647f3ce9c92b53ad3a82",
                "shasum": ""
            },
            "require": {
                "ext-json": "*",
                "php": "^7.1.8 || ^8.0",
                "symfony/translation": "^3.4 || ^4.0 || ^5.0"
            },
            "require-dev": {
                "friendsofphp/php-cs-fixer": "^2.14 || ^3.0",
                "kylekatarnls/multi-tester": "^1.1",
                "phpmd/phpmd": "dev-php-7.1-compatibility",
                "phpstan/phpstan": "^0.11",
                "phpunit/phpunit": "^7.5 || ^8.0",
                "squizlabs/php_codesniffer": "^3.4"
            },
            "bin": [
                "bin/carbon"
            ],
            "type": "library",
            "extra": {
                "branch-alias": {
                    "dev-master": "2.x-dev"
                },
                "laravel": {
                    "providers": [
                        "Carbon\\Laravel\\ServiceProvider"
                    ]
                }
            },
            "autoload": {
                "psr-4": {
                    "Carbon\\": "src/Carbon/"
                }
            },
            "notification-url": "https://packagist.org/downloads/",
            "license": [
                "MIT"
            ],
            "authors": [
                {
                    "name": "Brian Nesbitt",
                    "email": "brian@nesbot.com",
                    "homepage": "http://nesbot.com"
                },
                {
                    "name": "kylekatarnls",
                    "homepage": "http://github.com/kylekatarnls"
                }
            ],
            "description": "An API extension for DateTime that supports 281 different languages.",
            "homepage": "http://carbon.nesbot.com",
            "keywords": [
                "date",
                "datetime",
                "time"
            ],
            "time": "2019-12-10T09:18:50+00:00"
        },
        {
            "name": "phpmailer/phpmailer",
            "version": "dev-master",
            "source": {
                "type": "git",
                "url": "https://github.com/PHPMailer/PHPMailer.git",
                "reference": "a25ae38e03de4ee4031725498a600012364787c7"
            },
            "dist": {
                "type": "zip",
                "url": "https://api.github.com/repos/PHPMailer/PHPMailer/zipball/a25ae38e03de4ee4031725498a600012364787c7",
                "reference": "a25ae38e03de4ee4031725498a600012364787c7",
                "shasum": ""
            },
            "require": {
                "ext-ctype": "*",
                "ext-filter": "*",
                "php": ">=5.5.0"
            },
            "require-dev": {
                "doctrine/annotations": "^1.2",
                "friendsofphp/php-cs-fixer": "^2.2",
                "phpunit/phpunit": "^4.8 || ^5.7"
            },
            "suggest": {
                "ext-mbstring": "Needed to send email in multibyte encoding charset",
                "hayageek/oauth2-yahoo": "Needed for Yahoo XOAUTH2 authentication",
                "league/oauth2-google": "Needed for Google XOAUTH2 authentication",
                "psr/log": "For optional PSR-3 debug logging",
                "stevenmaguire/oauth2-microsoft": "Needed for Microsoft XOAUTH2 authentication",
                "symfony/polyfill-mbstring": "To support UTF-8 if the Mbstring PHP extension is not enabled (^1.2)"
            },
            "type": "library",
            "autoload": {
                "psr-4": {
                    "PHPMailer\\PHPMailer\\": "src/"
                }
            },
            "notification-url": "https://packagist.org/downloads/",
            "license": [
                "LGPL-2.1-only"
            ],
            "authors": [
                {
                    "name": "Marcus Bointon",
                    "email": "phpmailer@synchromedia.co.uk"
                },
                {
                    "name": "Jim Jagielski",
                    "email": "jimjag@gmail.com"
                },
                {
                    "name": "Andy Prevost",
                    "email": "codeworxtech@users.sourceforge.net"
                },
                {
                    "name": "Brent R. Matzelle"
                }
            ],
            "description": "PHPMailer is a full-featured email creation and transfer class for PHP",
            "time": "2019-11-21T09:37:46+00:00"
        },
        {
            "name": "psr/container",
            "version": "dev-master",
            "source": {
                "type": "git",
                "url": "https://github.com/php-fig/container.git",
                "reference": "fc1bc363ecf887921e3897c7b1dad3587ae154eb"
            },
            "dist": {
                "type": "zip",
                "url": "https://api.github.com/repos/php-fig/container/zipball/fc1bc363ecf887921e3897c7b1dad3587ae154eb",
                "reference": "fc1bc363ecf887921e3897c7b1dad3587ae154eb",
                "shasum": ""
            },
            "require": {
                "php": ">=5.3.0"
            },
            "type": "library",
            "extra": {
                "branch-alias": {
                    "dev-master": "1.0.x-dev"
                }
            },
            "autoload": {
                "psr-4": {
                    "Psr\\Container\\": "src/"
                }
            },
            "notification-url": "https://packagist.org/downloads/",
            "license": [
                "MIT"
            ],
            "authors": [
                {
                    "name": "PHP-FIG",
                    "homepage": "http://www.php-fig.org/"
                }
            ],
            "description": "Common Container Interface (PHP FIG PSR-11)",
            "homepage": "https://github.com/php-fig/container",
            "keywords": [
                "PSR-11",
                "container",
                "container-interface",
                "container-interop",
                "psr"
            ],
            "time": "2019-10-04T14:07:35+00:00"
        },
        {
            "name": "psr/simple-cache",
            "version": "dev-master",
            "source": {
                "type": "git",
                "url": "https://github.com/php-fig/simple-cache.git",
                "reference": "408d5eafb83c57f6365a3ca330ff23aa4a5fa39b"
            },
            "dist": {
                "type": "zip",
                "url": "https://api.github.com/repos/php-fig/simple-cache/zipball/408d5eafb83c57f6365a3ca330ff23aa4a5fa39b",
                "reference": "408d5eafb83c57f6365a3ca330ff23aa4a5fa39b",
                "shasum": ""
            },
            "require": {
                "php": ">=5.3.0"
            },
            "type": "library",
            "extra": {
                "branch-alias": {
                    "dev-master": "1.0.x-dev"
                }
            },
            "autoload": {
                "psr-4": {
                    "Psr\\SimpleCache\\": "src/"
                }
            },
            "notification-url": "https://packagist.org/downloads/",
            "license": [
                "MIT"
            ],
            "authors": [
                {
                    "name": "PHP-FIG",
                    "homepage": "http://www.php-fig.org/"
                }
            ],
            "description": "Common interfaces for simple caching",
            "keywords": [
                "cache",
                "caching",
                "psr",
                "psr-16",
                "simple-cache"
            ],
            "time": "2017-10-23T01:57:42+00:00"
        },
        {
            "name": "symfony/http-foundation",
            "version": "dev-master",
            "source": {
                "type": "git",
                "url": "https://github.com/symfony/http-foundation.git",
                "reference": "a53b491faa100599b97241bf44c60dbc3c5b0583"
            },
            "dist": {
                "type": "zip",
                "url": "https://api.github.com/repos/symfony/http-foundation/zipball/a53b491faa100599b97241bf44c60dbc3c5b0583",
                "reference": "a53b491faa100599b97241bf44c60dbc3c5b0583",
                "shasum": ""
            },
            "require": {
                "php": "^7.2.5",
                "symfony/mime": "^4.4|^5.0",
                "symfony/polyfill-mbstring": "~1.1"
            },
            "require-dev": {
                "predis/predis": "~1.0",
                "symfony/expression-language": "^4.4|^5.0"
            },
            "type": "library",
            "extra": {
                "branch-alias": {
                    "dev-master": "5.1-dev"
                }
            },
            "autoload": {
                "psr-4": {
                    "Symfony\\Component\\HttpFoundation\\": ""
                },
                "exclude-from-classmap": [
                    "/Tests/"
                ]
            },
            "notification-url": "https://packagist.org/downloads/",
            "license": [
                "MIT"
            ],
            "authors": [
                {
                    "name": "Fabien Potencier",
                    "email": "fabien@symfony.com"
                },
                {
                    "name": "Symfony Community",
                    "homepage": "https://symfony.com/contributors"
                }
            ],
            "description": "Symfony HttpFoundation Component",
            "homepage": "https://symfony.com",
            "time": "2019-12-10T11:07:17+00:00"
        },
        {
            "name": "symfony/mime",
            "version": "dev-master",
            "source": {
                "type": "git",
                "url": "https://github.com/symfony/mime.git",
                "reference": "2e983ce2e6721d3134bfda0e0d804045b6360ac9"
            },
            "dist": {
                "type": "zip",
                "url": "https://api.github.com/repos/symfony/mime/zipball/2e983ce2e6721d3134bfda0e0d804045b6360ac9",
                "reference": "2e983ce2e6721d3134bfda0e0d804045b6360ac9",
                "shasum": ""
            },
            "require": {
                "php": "^7.2.5",
                "symfony/polyfill-intl-idn": "^1.10",
                "symfony/polyfill-mbstring": "^1.0"
            },
            "conflict": {
                "symfony/mailer": "<4.4"
            },
            "require-dev": {
                "egulias/email-validator": "^2.1.10",
                "symfony/dependency-injection": "^4.4|^5.0"
            },
            "type": "library",
            "extra": {
                "branch-alias": {
                    "dev-master": "5.1-dev"
                }
            },
            "autoload": {
                "psr-4": {
                    "Symfony\\Component\\Mime\\": ""
                },
                "exclude-from-classmap": [
                    "/Tests/"
                ]
            },
            "notification-url": "https://packagist.org/downloads/",
            "license": [
                "MIT"
            ],
            "authors": [
                {
                    "name": "Fabien Potencier",
                    "email": "fabien@symfony.com"
                },
                {
                    "name": "Symfony Community",
                    "homepage": "https://symfony.com/contributors"
                }
            ],
            "description": "A library to manipulate MIME messages",
            "homepage": "https://symfony.com",
            "keywords": [
                "mime",
                "mime-type"
            ],
            "time": "2019-11-30T14:13:05+00:00"
        },
        {
            "name": "symfony/polyfill-intl-idn",
            "version": "dev-master",
            "source": {
                "type": "git",
                "url": "https://github.com/symfony/polyfill-intl-idn.git",
                "reference": "6f9c239e61e1b0c9229a28ff89a812dc449c3d46"
            },
            "dist": {
                "type": "zip",
                "url": "https://api.github.com/repos/symfony/polyfill-intl-idn/zipball/6f9c239e61e1b0c9229a28ff89a812dc449c3d46",
                "reference": "6f9c239e61e1b0c9229a28ff89a812dc449c3d46",
                "shasum": ""
            },
            "require": {
                "php": ">=5.3.3",
                "symfony/polyfill-mbstring": "^1.3",
                "symfony/polyfill-php72": "^1.9"
            },
            "suggest": {
                "ext-intl": "For best performance"
            },
            "type": "library",
            "extra": {
                "branch-alias": {
                    "dev-master": "1.13-dev"
                }
            },
            "autoload": {
                "psr-4": {
                    "Symfony\\Polyfill\\Intl\\Idn\\": ""
                },
                "files": [
                    "bootstrap.php"
                ]
            },
            "notification-url": "https://packagist.org/downloads/",
            "license": [
                "MIT"
            ],
            "authors": [
                {
                    "name": "Laurent Bassin",
                    "email": "laurent@bassin.info"
                },
                {
                    "name": "Symfony Community",
                    "homepage": "https://symfony.com/contributors"
                }
            ],
            "description": "Symfony polyfill for intl's idn_to_ascii and idn_to_utf8 functions",
            "homepage": "https://symfony.com",
            "keywords": [
                "compatibility",
                "idn",
                "intl",
                "polyfill",
                "portable",
                "shim"
            ],
            "time": "2019-11-27T13:56:44+00:00"
        },
        {
            "name": "symfony/polyfill-mbstring",
            "version": "dev-master",
            "source": {
                "type": "git",
                "url": "https://github.com/symfony/polyfill-mbstring.git",
                "reference": "7b4aab9743c30be783b73de055d24a39cf4b954f"
            },
            "dist": {
                "type": "zip",
                "url": "https://api.github.com/repos/symfony/polyfill-mbstring/zipball/7b4aab9743c30be783b73de055d24a39cf4b954f",
                "reference": "7b4aab9743c30be783b73de055d24a39cf4b954f",
                "shasum": ""
            },
            "require": {
                "php": ">=5.3.3"
            },
            "suggest": {
                "ext-mbstring": "For best performance"
            },
            "type": "library",
            "extra": {
                "branch-alias": {
                    "dev-master": "1.13-dev"
                }
            },
            "autoload": {
                "psr-4": {
                    "Symfony\\Polyfill\\Mbstring\\": ""
                },
                "files": [
                    "bootstrap.php"
                ]
            },
            "notification-url": "https://packagist.org/downloads/",
            "license": [
                "MIT"
            ],
            "authors": [
                {
                    "name": "Nicolas Grekas",
                    "email": "p@tchwork.com"
                },
                {
                    "name": "Symfony Community",
                    "homepage": "https://symfony.com/contributors"
                }
            ],
            "description": "Symfony polyfill for the Mbstring extension",
            "homepage": "https://symfony.com",
            "keywords": [
                "compatibility",
                "mbstring",
                "polyfill",
                "portable",
                "shim"
            ],
            "time": "2019-11-27T14:18:11+00:00"
        },
        {
            "name": "symfony/polyfill-php72",
            "version": "dev-master",
            "source": {
                "type": "git",
                "url": "https://github.com/symfony/polyfill-php72.git",
                "reference": "66fea50f6cb37a35eea048d75a7d99a45b586038"
            },
            "dist": {
                "type": "zip",
                "url": "https://api.github.com/repos/symfony/polyfill-php72/zipball/66fea50f6cb37a35eea048d75a7d99a45b586038",
                "reference": "66fea50f6cb37a35eea048d75a7d99a45b586038",
                "shasum": ""
            },
            "require": {
                "php": ">=5.3.3"
            },
            "type": "library",
            "extra": {
                "branch-alias": {
                    "dev-master": "1.13-dev"
                }
            },
            "autoload": {
                "psr-4": {
                    "Symfony\\Polyfill\\Php72\\": ""
                },
                "files": [
                    "bootstrap.php"
                ]
            },
            "notification-url": "https://packagist.org/downloads/",
            "license": [
                "MIT"
            ],
            "authors": [
                {
                    "name": "Nicolas Grekas",
                    "email": "p@tchwork.com"
                },
                {
                    "name": "Symfony Community",
                    "homepage": "https://symfony.com/contributors"
                }
            ],
            "description": "Symfony polyfill backporting some PHP 7.2+ features to lower PHP versions",
            "homepage": "https://symfony.com",
            "keywords": [
                "compatibility",
                "polyfill",
                "portable",
                "shim"
            ],
            "time": "2019-11-27T13:56:44+00:00"
        },
        {
            "name": "symfony/translation",
            "version": "dev-master",
            "source": {
                "type": "git",
                "url": "https://github.com/symfony/translation.git",
                "reference": "24e80a1266df31fc7ec56a759675c22e2944a443"
            },
            "dist": {
                "type": "zip",
                "url": "https://api.github.com/repos/symfony/translation/zipball/24e80a1266df31fc7ec56a759675c22e2944a443",
                "reference": "24e80a1266df31fc7ec56a759675c22e2944a443",
                "shasum": ""
            },
            "require": {
                "php": "^7.2.5",
                "symfony/polyfill-mbstring": "~1.0",
                "symfony/translation-contracts": "^2"
            },
            "conflict": {
                "symfony/config": "<4.4",
                "symfony/dependency-injection": "<5.0",
                "symfony/http-kernel": "<5.0",
                "symfony/twig-bundle": "<5.0",
                "symfony/yaml": "<4.4"
            },
            "provide": {
                "symfony/translation-implementation": "2.0"
            },
            "require-dev": {
                "psr/log": "~1.0",
                "symfony/config": "^4.4|^5.0",
                "symfony/console": "^4.4|^5.0",
                "symfony/dependency-injection": "^5.0",
                "symfony/finder": "^4.4|^5.0",
                "symfony/http-kernel": "^5.0",
                "symfony/intl": "^4.4|^5.0",
                "symfony/service-contracts": "^1.1.2|^2",
                "symfony/yaml": "^4.4|^5.0"
            },
            "suggest": {
                "psr/log-implementation": "To use logging capability in translator",
                "symfony/config": "",
                "symfony/yaml": ""
            },
            "type": "library",
            "extra": {
                "branch-alias": {
                    "dev-master": "5.1-dev"
                }
            },
            "autoload": {
                "psr-4": {
                    "Symfony\\Component\\Translation\\": ""
                },
                "exclude-from-classmap": [
                    "/Tests/"
                ]
            },
            "notification-url": "https://packagist.org/downloads/",
            "license": [
                "MIT"
            ],
            "authors": [
                {
                    "name": "Fabien Potencier",
                    "email": "fabien@symfony.com"
                },
                {
                    "name": "Symfony Community",
                    "homepage": "https://symfony.com/contributors"
                }
            ],
            "description": "Symfony Translation Component",
            "homepage": "https://symfony.com",
            "time": "2019-12-07T16:42:39+00:00"
        },
        {
            "name": "symfony/translation-contracts",
            "version": "dev-master",
            "source": {
                "type": "git",
                "url": "https://github.com/symfony/translation-contracts.git",
                "reference": "8cc682ac458d75557203b2f2f14b0b92e1c744ed"
            },
            "dist": {
                "type": "zip",
                "url": "https://api.github.com/repos/symfony/translation-contracts/zipball/8cc682ac458d75557203b2f2f14b0b92e1c744ed",
                "reference": "8cc682ac458d75557203b2f2f14b0b92e1c744ed",
                "shasum": ""
            },
            "require": {
                "php": "^7.2.5"
            },
            "suggest": {
                "symfony/translation-implementation": ""
            },
            "type": "library",
            "extra": {
                "branch-alias": {
                    "dev-master": "2.0-dev"
                }
            },
            "autoload": {
                "psr-4": {
                    "Symfony\\Contracts\\Translation\\": ""
                }
            },
            "notification-url": "https://packagist.org/downloads/",
            "license": [
                "MIT"
            ],
            "authors": [
                {
                    "name": "Nicolas Grekas",
                    "email": "p@tchwork.com"
                },
                {
                    "name": "Symfony Community",
                    "homepage": "https://symfony.com/contributors"
                }
            ],
            "description": "Generic abstractions related to translation",
            "homepage": "https://symfony.com",
            "keywords": [
                "abstractions",
                "contracts",
                "decoupling",
                "interfaces",
                "interoperability",
                "standards"
            ],
            "time": "2019-11-18T17:27:11+00:00"
        },
        {
            "name": "voku/portable-ascii",
            "version": "1.3.5",
            "source": {
                "type": "git",
                "url": "https://github.com/voku/portable-ascii.git",
                "reference": "056000d679a44b06ee61a63114f587cde066b1a8"
            },
            "dist": {
                "type": "zip",
                "url": "https://api.github.com/repos/voku/portable-ascii/zipball/056000d679a44b06ee61a63114f587cde066b1a8",
                "reference": "056000d679a44b06ee61a63114f587cde066b1a8",
                "shasum": ""
            },
            "require": {
                "php": ">=7.0.0"
            },
            "require-dev": {
                "phpunit/phpunit": "~6.0 || ~7.0"
            },
            "suggest": {
                "ext-intl": "Use Intl for transliterator_transliterate() support"
            },
            "type": "library",
            "autoload": {
                "psr-4": {
                    "voku\\": "src/voku/",
                    "voku\\tests\\": "tests/"
                }
            },
            "notification-url": "https://packagist.org/downloads/",
            "license": [
                "MIT"
            ],
            "authors": [
                {
                    "name": "Lars Moelleken",
                    "homepage": "http://www.moelleken.org/"
                }
            ],
            "description": "Portable ASCII library - performance optimized (ascii) string functions for php.",
            "homepage": "https://github.com/voku/portable-ascii",
            "keywords": [
                "ascii",
                "clean",
                "php"
            ],
            "time": "2019-11-11T16:55:47+00:00"
        },
        {
            "name": "webklex/php-imap",
            "version": "1.4.2.1",
            "source": {
                "type": "git",
                "url": "https://github.com/Webklex/php-imap.git",
                "reference": "f03f964fa398ab8a800df8d3a691f081a0c8f0c1"
            },
            "dist": {
                "type": "zip",
                "url": "https://api.github.com/repos/Webklex/php-imap/zipball/f03f964fa398ab8a800df8d3a691f081a0c8f0c1",
                "reference": "f03f964fa398ab8a800df8d3a691f081a0c8f0c1",
                "shasum": ""
            },
            "require": {
                "ext-fileinfo": "*",
                "ext-iconv": "*",
                "ext-imap": "*",
                "ext-mbstring": "*",
                "illuminate/pagination": ">=5.0.0",
                "nesbot/carbon": ">=1.33",
                "php": ">=5.5.9",
                "symfony/http-foundation": ">=2.8.0"
            },
            "type": "library",
            "extra": {
                "branch-alias": {
                    "dev-master": "1.0-dev"
                }
            },
            "autoload": {
                "psr-4": {
                    "Webklex\\PHPIMAP\\": "src"
                }
            },
            "notification-url": "https://packagist.org/downloads/",
            "license": [
                "MIT"
            ],
            "authors": [
                {
                    "name": "Malte Goldenbaum",
                    "email": "github@webklex.com",
                    "role": "Developer"
                }
            ],
            "description": "Laravel IMAP client",
            "homepage": "https://github.com/webklex/php-imap",
            "keywords": [
                "imap",
                "mail",
                "php-imap",
                "pop3",
                "webklex"
            ],
            "time": "2019-07-03T11:00:54+00:00"
        }
    ],
    "packages-dev": [],
    "aliases": [],
    "minimum-stability": "dev",
    "stability-flags": {
        "phpmailer/phpmailer": 20,
        "ddeboer/imap": 20,
        "webklex/php-imap": 20
    },
    "prefer-stable": false,
    "prefer-lowest": false,
    "platform": [],
    "platform-dev": []
}
